
Microsoft Visual Studio Solution File, Format Version 12.00
# Visual Studio Version 17
VisualStudioVersion = 17.5.33627.172
MinimumVisualStudioVersion = 10.0.40219.1
Project("{FAE04EC0-301F-11D3-BF4B-00C04F79EFBC}") = "CustomerMicroservice", "CustomerMicroservice\CustomerMicroservice.csproj", "{61C02D93-BC70-4CAB-BF0A-2890498AFD2D}"
EndProject
Project("{FAE04EC0-301F-11D3-BF4B-00C04F79EFBC}") = "ProductCatalogueMicroservice", "ProductCatalogueMicroservice\ProductCatalogueMicroservice.csproj", "{FB62BB6C-452C-4B61-9067-B47CECC13010}"
EndProject
Project("{FAE04EC0-301F-11D3-BF4B-00C04F79EFBC}") = "OrderMicroservice", "OrderMicroservice\OrderMicroservice.csproj", "{A7F7C600-0A69-4D9A-A9B5-70450D5D0719}"
EndProject
Global
	GlobalSection(SolutionConfigurationPlatforms) = preSolution
		Debug|Any CPU = Debug|Any CPU
		Release|Any CPU = Release|Any CPU
	EndGlobalSection
	GlobalSection(ProjectConfigurationPlatforms) = postSolution
		{61C02D93-BC70-4CAB-BF0A-2890498AFD2D}.Debug|Any CPU.ActiveCfg = Debug|Any CPU
		{61C02D93-BC70-4CAB-BF0A-2890498AFD2D}.Debug|Any CPU.Build.0 = Debug|Any CPU
		{61C02D93-BC70-4CAB-BF0A-2890498AFD2D}.Release|Any CPU.ActiveCfg = Release|Any CPU
		{61C02D93-BC70-4CAB-BF0A-2890498AFD2D}.Release|Any CPU.Build.0 = Release|Any CPU
		{FB62BB6C-452C-4B61-9067-B47CECC13010}.Debug|Any CPU.ActiveCfg = Debug|Any CPU
		{FB62BB6C-452C-4B61-9067-B47CECC13010}.Debug|Any CPU.Build.0 = Debug|Any CPU
		{FB62BB6C-452C-4B61-9067-B47CECC13010}.Release|Any CPU.ActiveCfg = Release|Any CPU
		{FB62BB6C-452C-4B61-9067-B47CECC13010}.Release|Any CPU.Build.0 = Release|Any CPU
		{A7F7C600-0A69-4D9A-A9B5-70450D5D0719}.Debug|Any CPU.ActiveCfg = Debug|Any CPU
		{A7F7C600-0A69-4D9A-A9B5-70450D5D0719}.Debug|Any CPU.Build.0 = Debug|Any CPU
		{A7F7C600-0A69-4D9A-A9B5-70450D5D0719}.Release|Any CPU.ActiveCfg = Release|Any CPU
		{A7F7C600-0A69-4D9A-A9B5-70450D5D0719}.Release|Any CPU.Build.0 = Release|Any CPU
	EndGlobalSection
	GlobalSection(SolutionProperties) = preSolution
		HideSolutionNode = FALSE
	EndGlobalSection
	GlobalSection(ExtensibilityGlobals) = postSolution
		SolutionGuid = {3AEC7BB2-D27C-4496-A717-DC04A7239FD6}
	EndGlobalSection
EndGlobal
